
Microsoft Visual Studio Solution File, Format Version 12.00
# Visual Studio Version 17
VisualStudioVersion = 17.9.34728.123
MinimumVisualStudioVersion = 10.0.40219.1
Project("{FAE04EC0-301F-11D3-BF4B-00C04F79EFBC}") = "Hospital", "Hospital\Hospital.csproj", "{903F560D-E235-43C4-93A1-1B5AED528D2B}"
EndProject
Global
	GlobalSection(SolutionConfigurationPlatforms) = preSolution
		Debug|Any CPU = Debug|Any CPU
		Release|Any CPU = Release|Any CPU
	EndGlobalSection
	GlobalSection(ProjectConfigurationPlatforms) = postSolution
		{903F560D-E235-43C4-93A1-1B5AED528D2B}.Debug|Any CPU.ActiveCfg = Debug|Any CPU
		{903F560D-E235-43C4-93A1-1B5AED528D2B}.Debug|Any CPU.Build.0 = Debug|Any CPU
		{903F560D-E235-43C4-93A1-1B5AED528D2B}.Release|Any CPU.ActiveCfg = Release|Any CPU
		{903F560D-E235-43C4-93A1-1B5AED528D2B}.Release|Any CPU.Build.0 = Release|Any CPU
	EndGlobalSection
	GlobalSection(SolutionProperties) = preSolution
		HideSolutionNode = FALSE
	EndGlobalSection
	GlobalSection(ExtensibilityGlobals) = postSolution
		SolutionGuid = {469664DC-531C-499B-A05C-1576CC43FF51}
	EndGlobalSection
EndGlobal
